
Microsoft Visual Studio Solution File, Format Version 12.00
# Visual Studio 15
VisualStudioVersion = 15.0.26124.0
MinimumVisualStudioVersion = 15.0.26124.0
Project("{FAE04EC0-301F-11D3-BF4B-00C04F79EFBC}") = "DevIct.PublicMeetings.Back.Api", "api\DevIct.PublicMeetings.Back.Api.csproj", "{B1FFBD8E-D6B7-4AEC-BB48-F73C2164066A}"
EndProject
Project("{FAE04EC0-301F-11D3-BF4B-00C04F79EFBC}") = "DevIct.PublicMeetings.Back.Data", "data\DevIct.PublicMeetings.Back.Data.csproj", "{52E78243-AA1B-42C8-87D4-B4181793BF73}"
EndProject
Global
	GlobalSection(SolutionConfigurationPlatforms) = preSolution
		Debug|Any CPU = Debug|Any CPU
		Debug|x64 = Debug|x64
		Debug|x86 = Debug|x86
		Release|Any CPU = Release|Any CPU
		Release|x64 = Release|x64
		Release|x86 = Release|x86
	EndGlobalSection
	GlobalSection(SolutionProperties) = preSolution
		HideSolutionNode = FALSE
	EndGlobalSection
	GlobalSection(ProjectConfigurationPlatforms) = postSolution
		{B1FFBD8E-D6B7-4AEC-BB48-F73C2164066A}.Debug|Any CPU.ActiveCfg = Debug|Any CPU
		{B1FFBD8E-D6B7-4AEC-BB48-F73C2164066A}.Debug|Any CPU.Build.0 = Debug|Any CPU
		{B1FFBD8E-D6B7-4AEC-BB48-F73C2164066A}.Debug|x64.ActiveCfg = Debug|Any CPU
		{B1FFBD8E-D6B7-4AEC-BB48-F73C2164066A}.Debug|x64.Build.0 = Debug|Any CPU
		{B1FFBD8E-D6B7-4AEC-BB48-F73C2164066A}.Debug|x86.ActiveCfg = Debug|Any CPU
		{B1FFBD8E-D6B7-4AEC-BB48-F73C2164066A}.Debug|x86.Build.0 = Debug|Any CPU
		{B1FFBD8E-D6B7-4AEC-BB48-F73C2164066A}.Release|Any CPU.ActiveCfg = Release|Any CPU
		{B1FFBD8E-D6B7-4AEC-BB48-F73C2164066A}.Release|Any CPU.Build.0 = Release|Any CPU
		{B1FFBD8E-D6B7-4AEC-BB48-F73C2164066A}.Release|x64.ActiveCfg = Release|Any CPU
		{B1FFBD8E-D6B7-4AEC-BB48-F73C2164066A}.Release|x64.Build.0 = Release|Any CPU
		{B1FFBD8E-D6B7-4AEC-BB48-F73C2164066A}.Release|x86.ActiveCfg = Release|Any CPU
		{B1FFBD8E-D6B7-4AEC-BB48-F73C2164066A}.Release|x86.Build.0 = Release|Any CPU
		{52E78243-AA1B-42C8-87D4-B4181793BF73}.Debug|Any CPU.ActiveCfg = Debug|Any CPU
		{52E78243-AA1B-42C8-87D4-B4181793BF73}.Debug|Any CPU.Build.0 = Debug|Any CPU
		{52E78243-AA1B-42C8-87D4-B4181793BF73}.Debug|x64.ActiveCfg = Debug|Any CPU
		{52E78243-AA1B-42C8-87D4-B4181793BF73}.Debug|x64.Build.0 = Debug|Any CPU
		{52E78243-AA1B-42C8-87D4-B4181793BF73}.Debug|x86.ActiveCfg = Debug|Any CPU
		{52E78243-AA1B-42C8-87D4-B4181793BF73}.Debug|x86.Build.0 = Debug|Any CPU
		{52E78243-AA1B-42C8-87D4-B4181793BF73}.Release|Any CPU.ActiveCfg = Release|Any CPU
		{52E78243-AA1B-42C8-87D4-B4181793BF73}.Release|Any CPU.Build.0 = Release|Any CPU
		{52E78243-AA1B-42C8-87D4-B4181793BF73}.Release|x64.ActiveCfg = Release|Any CPU
		{52E78243-AA1B-42C8-87D4-B4181793BF73}.Release|x64.Build.0 = Release|Any CPU
		{52E78243-AA1B-42C8-87D4-B4181793BF73}.Release|x86.ActiveCfg = Release|Any CPU
		{52E78243-AA1B-42C8-87D4-B4181793BF73}.Release|x86.Build.0 = Release|Any CPU
	EndGlobalSection
EndGlobal
